
Microsoft Visual Studio Solution File, Format Version 12.00
# Visual Studio Version 16
VisualStudioVersion = 16.0.29728.190
MinimumVisualStudioVersion = 10.0.40219.1
Project("{9A19103F-16F7-4668-BE54-9A1E7A4F7556}") = "AIE_01_HelloWorld", "AIE_01_HelloWorld\AIE_01_HelloWorld.csproj", "{ECDB1D5F-B247-4A6F-94D6-DFEB276FB003}"
EndProject
Project("{9A19103F-16F7-4668-BE54-9A1E7A4F7556}") = "AIE_02_FortuneTeller", "AIE_02_FortuneTeller\AIE_02_FortuneTeller.csproj", "{89162865-A448-4172-A5C3-ADF0DAC10F8E}"
EndProject
Project("{9A19103F-16F7-4668-BE54-9A1E7A4F7556}") = "AIE_03_AgeCalculator", "Age Caluclator\AIE_03_AgeCalculator.csproj", "{1DCBD44E-F275-409E-8B54-EB83FAF66F58}"
EndProject
Project("{9A19103F-16F7-4668-BE54-9A1E7A4F7556}") = "AIE_05_TempConverter", "AIE_05_TempConverter\AIE_05_TempConverter.csproj", "{1DD537BB-8250-4186-9A88-D08A8ACCE43F}"
EndProject
Project("{9A19103F-16F7-4668-BE54-9A1E7A4F7556}") = "AIE_06_hi-low", "AIE_07_loops\AIE_06_hi-low.csproj", "{6C2F2647-E368-4EDF-8210-666B12D9307A}"
EndProject
Project("{9A19103F-16F7-4668-BE54-9A1E7A4F7556}") = "AIE_07_Max Of 3 Variables", "AIE_07_Max Of 3 Variables\AIE_07_Max Of 3 Variables.csproj", "{36DA0C53-9E7C-44F8-8BCB-2632C4B8ED1C}"
EndProject
Project("{9A19103F-16F7-4668-BE54-9A1E7A4F7556}") = "AIE_08_even or odd", "AIE_08_even or odd\AIE_08_even or odd.csproj", "{966FB0B1-43CF-4F93-A354-AB6E9D39472E}"
EndProject
Project("{9A19103F-16F7-4668-BE54-9A1E7A4F7556}") = "AIE_09_divisibleby 4 or 6", "AIE_09_divisibleby 4 or 6\AIE_09_divisibleby 4 or 6.csproj", "{29D3D741-EBEB-44EF-B060-875D633F2AE8}"
EndProject
Project("{9A19103F-16F7-4668-BE54-9A1E7A4F7556}") = "AIE_10_Day Of The Week", "AIE_10_Day Of The Week\AIE_10_Day Of The Week.csproj", "{F6DE079F-8924-4D70-A038-E8EEADAECA84}"
EndProject
Project("{9A19103F-16F7-4668-BE54-9A1E7A4F7556}") = "AIE_11_Day Of The Week 2", "AIE_11_Day Of The Week 2\AIE_11_Day Of The Week 2.csproj", "{66EE63AF-8F91-475E-82D3-2F646BCA57BA}"
EndProject
Project("{9A19103F-16F7-4668-BE54-9A1E7A4F7556}") = "AIE_12_Nine Times Tables", "AIE_12_Nine Times Tables\AIE_12_Nine Times Tables.csproj", "{17C4149E-90BB-4B28-B4EB-DD85D8F08A7E}"
EndProject
Project("{9A19103F-16F7-4668-BE54-9A1E7A4F7556}") = "AIE_13_All Times Tables", "AIE_13_All Times Tables\AIE_13_All Times Tables.csproj", "{9C7EA121-4F47-4EEA-83C8-58E3C3BA82A5}"
EndProject
Project("{9A19103F-16F7-4668-BE54-9A1E7A4F7556}") = "AIE_14_Password Prompt", "AIE_14_Password Prompt\AIE_14_Password Prompt.csproj", "{DFFE0149-C88B-476F-AA9E-2E096F05C5B4}"
EndProject
Project("{9A19103F-16F7-4668-BE54-9A1E7A4F7556}") = "AIE_15_Calculate cube using Functions", "AIE_15_Calculate cube using Functions\AIE_15_Calculate cube using Functions.csproj", "{0FCCF5A5-4F55-45A0-8862-BBFE9EC63625}"
EndProject
Project("{9A19103F-16F7-4668-BE54-9A1E7A4F7556}") = "AIE_16_Is A Vowel", "AIE_16_Is A Vowel\AIE_16_Is A Vowel.csproj", "{4FE90C6E-D2B5-4691-AC1F-476CB65B2B9F}"
EndProject
Project("{9A19103F-16F7-4668-BE54-9A1E7A4F7556}") = "AIE_17_ Max Of Three with Fucnctions", "AIE_17_ Max Of Three with Fucnctions\AIE_17_ Max Of Three with Fucnctions.csproj", "{5F3EC88B-F499-419F-8FB1-1FA1FBDB4F06}"
EndProject
Project("{9A19103F-16F7-4668-BE54-9A1E7A4F7556}") = "AIE_18_Calculator", "AIE_18_Calculator\AIE_18_Calculator.csproj", "{908F70B5-886D-41E3-B13F-354F906818F9}"
EndProject
Project("{9A19103F-16F7-4668-BE54-9A1E7A4F7556}") = "AIE_19_Get two lengths", "AIE_19_Get two lengths\AIE_19_Get two lengths.csproj", "{275AD29D-4F53-4E9E-B803-F5C8F3261363}"
EndProject
Project("{9A19103F-16F7-4668-BE54-9A1E7A4F7556}") = "AIE_20_Needle in a hay stack", "AIE_20_Needle in a hay stack\AIE_20_Needle in a hay stack.csproj", "{02DD3CB5-643B-4EF5-A6C7-999C6112399E}"
EndProject
Project("{9A19103F-16F7-4668-BE54-9A1E7A4F7556}") = "AIE_21_ Calculate Average", "AIE_21_ Calculate Average\AIE_21_ Calculate Average.csproj", "{305528AF-E2A3-4EEF-9A23-458B9838C78F}"
EndProject
Project("{9A19103F-16F7-4668-BE54-9A1E7A4F7556}") = "AIE_22_ Reverse Array", "AIE_22_ Reverse Array\AIE_22_ Reverse Array.csproj", "{394D4F14-9D0C-4EA3-87AC-97444F9F4724}"
EndProject
Project("{9A19103F-16F7-4668-BE54-9A1E7A4F7556}") = "AIE_23_Insert next to", "AIE_23_Insert next to\AIE_23_Insert next to.csproj", "{EE01300F-D2FB-4853-88A4-567F05C7DA17}"
EndProject
Project("{9A19103F-16F7-4668-BE54-9A1E7A4F7556}") = "AIE_24_Minmax", "AIE_24_Minmax\AIE_24_Minmax.csproj", "{30DA9E65-A9B7-41C0-B803-3A433C555F31}"
EndProject
Project("{9A19103F-16F7-4668-BE54-9A1E7A4F7556}") = "AIE_25_Check array Equality", "AIE_25_Check array Equality\AIE_25_Check array Equality.csproj", "{FB9883C4-A7ED-420F-B27A-9B1E24D4B238}"
EndProject
Project("{9A19103F-16F7-4668-BE54-9A1E7A4F7556}") = "AIE_27_ Chess Board", "AIE_27_ Chess Board\AIE_27_ Chess Board.csproj", "{7D79B2DC-C84F-4110-88B6-85867473AB26}"
EndProject
Project("{9A19103F-16F7-4668-BE54-9A1E7A4F7556}") = "AIE_28_ text file 1", "AIE_28_ text file 1\AIE_28_ text file 1.csproj", "{0E2198D0-0C0C-44C4-BBA1-151AEFB7913F}"
EndProject
Project("{9A19103F-16F7-4668-BE54-9A1E7A4F7556}") = "AIE_29_SaveContact", "AIE_29_SaveContact\AIE_29_SaveContact.csproj", "{989AD42E-C88B-4781-8379-EFD07162CDFD}"
EndProject
Project("{9A19103F-16F7-4668-BE54-9A1E7A4F7556}") = "AIE_26_Animals", "AIE_26_Animals\AIE_26_Animals.csproj", "{26F0F46A-E8D8-459F-8E85-5263F44D7489}"
EndProject
Project("{9A19103F-16F7-4668-BE54-9A1E7A4F7556}") = "AIE_30_SaveContactV2", "AIE_30_SaveContactV2\AIE_30_SaveContactV2.csproj", "{79A46750-58EF-44BA-895B-7F856C97C529}"
EndProject
Project("{FAE04EC0-301F-11D3-BF4B-00C04F79EFBC}") = "AIE_31_SaveContactList", "AIE_31_SaveContactList\AIE_31_SaveContactList.csproj", "{DCFB80FE-C81B-45F0-BC29-B697D6EECAFD}"
EndProject
Global
	GlobalSection(SolutionConfigurationPlatforms) = preSolution
		Debug|Any CPU = Debug|Any CPU
		Release|Any CPU = Release|Any CPU
	EndGlobalSection
	GlobalSection(ProjectConfigurationPlatforms) = postSolution
		{ECDB1D5F-B247-4A6F-94D6-DFEB276FB003}.Debug|Any CPU.ActiveCfg = Debug|Any CPU
		{ECDB1D5F-B247-4A6F-94D6-DFEB276FB003}.Debug|Any CPU.Build.0 = Debug|Any CPU
		{ECDB1D5F-B247-4A6F-94D6-DFEB276FB003}.Release|Any CPU.ActiveCfg = Release|Any CPU
		{ECDB1D5F-B247-4A6F-94D6-DFEB276FB003}.Release|Any CPU.Build.0 = Release|Any CPU
		{89162865-A448-4172-A5C3-ADF0DAC10F8E}.Debug|Any CPU.ActiveCfg = Debug|Any CPU
		{89162865-A448-4172-A5C3-ADF0DAC10F8E}.Debug|Any CPU.Build.0 = Debug|Any CPU
		{89162865-A448-4172-A5C3-ADF0DAC10F8E}.Release|Any CPU.ActiveCfg = Release|Any CPU
		{89162865-A448-4172-A5C3-ADF0DAC10F8E}.Release|Any CPU.Build.0 = Release|Any CPU
		{1DCBD44E-F275-409E-8B54-EB83FAF66F58}.Debug|Any CPU.ActiveCfg = Debug|Any CPU
		{1DCBD44E-F275-409E-8B54-EB83FAF66F58}.Debug|Any CPU.Build.0 = Debug|Any CPU
		{1DCBD44E-F275-409E-8B54-EB83FAF66F58}.Release|Any CPU.ActiveCfg = Release|Any CPU
		{1DCBD44E-F275-409E-8B54-EB83FAF66F58}.Release|Any CPU.Build.0 = Release|Any CPU
		{1DD537BB-8250-4186-9A88-D08A8ACCE43F}.Debug|Any CPU.ActiveCfg = Debug|Any CPU
		{1DD537BB-8250-4186-9A88-D08A8ACCE43F}.Debug|Any CPU.Build.0 = Debug|Any CPU
		{1DD537BB-8250-4186-9A88-D08A8ACCE43F}.Release|Any CPU.ActiveCfg = Release|Any CPU
		{1DD537BB-8250-4186-9A88-D08A8ACCE43F}.Release|Any CPU.Build.0 = Release|Any CPU
		{6C2F2647-E368-4EDF-8210-666B12D9307A}.Debug|Any CPU.ActiveCfg = Debug|Any CPU
		{6C2F2647-E368-4EDF-8210-666B12D9307A}.Debug|Any CPU.Build.0 = Debug|Any CPU
		{6C2F2647-E368-4EDF-8210-666B12D9307A}.Release|Any CPU.ActiveCfg = Release|Any CPU
		{6C2F2647-E368-4EDF-8210-666B12D9307A}.Release|Any CPU.Build.0 = Release|Any CPU
		{36DA0C53-9E7C-44F8-8BCB-2632C4B8ED1C}.Debug|Any CPU.ActiveCfg = Debug|Any CPU
		{36DA0C53-9E7C-44F8-8BCB-2632C4B8ED1C}.Debug|Any CPU.Build.0 = Debug|Any CPU
		{36DA0C53-9E7C-44F8-8BCB-2632C4B8ED1C}.Release|Any CPU.ActiveCfg = Release|Any CPU
		{36DA0C53-9E7C-44F8-8BCB-2632C4B8ED1C}.Release|Any CPU.Build.0 = Release|Any CPU
		{966FB0B1-43CF-4F93-A354-AB6E9D39472E}.Debug|Any CPU.ActiveCfg = Debug|Any CPU
		{966FB0B1-43CF-4F93-A354-AB6E9D39472E}.Debug|Any CPU.Build.0 = Debug|Any CPU
		{966FB0B1-43CF-4F93-A354-AB6E9D39472E}.Release|Any CPU.ActiveCfg = Release|Any CPU
		{966FB0B1-43CF-4F93-A354-AB6E9D39472E}.Release|Any CPU.Build.0 = Release|Any CPU
		{29D3D741-EBEB-44EF-B060-875D633F2AE8}.Debug|Any CPU.ActiveCfg = Debug|Any CPU
		{29D3D741-EBEB-44EF-B060-875D633F2AE8}.Debug|Any CPU.Build.0 = Debug|Any CPU
		{29D3D741-EBEB-44EF-B060-875D633F2AE8}.Release|Any CPU.ActiveCfg = Release|Any CPU
		{29D3D741-EBEB-44EF-B060-875D633F2AE8}.Release|Any CPU.Build.0 = Release|Any CPU
		{F6DE079F-8924-4D70-A038-E8EEADAECA84}.Debug|Any CPU.ActiveCfg = Debug|Any CPU
		{F6DE079F-8924-4D70-A038-E8EEADAECA84}.Debug|Any CPU.Build.0 = Debug|Any CPU
		{F6DE079F-8924-4D70-A038-E8EEADAECA84}.Release|Any CPU.ActiveCfg = Release|Any CPU
		{F6DE079F-8924-4D70-A038-E8EEADAECA84}.Release|Any CPU.Build.0 = Release|Any CPU
		{66EE63AF-8F91-475E-82D3-2F646BCA57BA}.Debug|Any CPU.ActiveCfg = Debug|Any CPU
		{66EE63AF-8F91-475E-82D3-2F646BCA57BA}.Debug|Any CPU.Build.0 = Debug|Any CPU
		{66EE63AF-8F91-475E-82D3-2F646BCA57BA}.Release|Any CPU.ActiveCfg = Release|Any CPU
		{66EE63AF-8F91-475E-82D3-2F646BCA57BA}.Release|Any CPU.Build.0 = Release|Any CPU
		{17C4149E-90BB-4B28-B4EB-DD85D8F08A7E}.Debug|Any CPU.ActiveCfg = Debug|Any CPU
		{17C4149E-90BB-4B28-B4EB-DD85D8F08A7E}.Debug|Any CPU.Build.0 = Debug|Any CPU
		{17C4149E-90BB-4B28-B4EB-DD85D8F08A7E}.Release|Any CPU.ActiveCfg = Release|Any CPU
		{17C4149E-90BB-4B28-B4EB-DD85D8F08A7E}.Release|Any CPU.Build.0 = Release|Any CPU
		{9C7EA121-4F47-4EEA-83C8-58E3C3BA82A5}.Debug|Any CPU.ActiveCfg = Debug|Any CPU
		{9C7EA121-4F47-4EEA-83C8-58E3C3BA82A5}.Debug|Any CPU.Build.0 = Debug|Any CPU
		{9C7EA121-4F47-4EEA-83C8-58E3C3BA82A5}.Release|Any CPU.ActiveCfg = Release|Any CPU
		{9C7EA121-4F47-4EEA-83C8-58E3C3BA82A5}.Release|Any CPU.Build.0 = Release|Any CPU
		{DFFE0149-C88B-476F-AA9E-2E096F05C5B4}.Debug|Any CPU.ActiveCfg = Debug|Any CPU
		{DFFE0149-C88B-476F-AA9E-2E096F05C5B4}.Debug|Any CPU.Build.0 = Debug|Any CPU
		{DFFE0149-C88B-476F-AA9E-2E096F05C5B4}.Release|Any CPU.ActiveCfg = Release|Any CPU
		{DFFE0149-C88B-476F-AA9E-2E096F05C5B4}.Release|Any CPU.Build.0 = Release|Any CPU
		{0FCCF5A5-4F55-45A0-8862-BBFE9EC63625}.Debug|Any CPU.ActiveCfg = Debug|Any CPU
		{0FCCF5A5-4F55-45A0-8862-BBFE9EC63625}.Debug|Any CPU.Build.0 = Debug|Any CPU
		{0FCCF5A5-4F55-45A0-8862-BBFE9EC63625}.Release|Any CPU.ActiveCfg = Release|Any CPU
		{0FCCF5A5-4F55-45A0-8862-BBFE9EC63625}.Release|Any CPU.Build.0 = Release|Any CPU
		{4FE90C6E-D2B5-4691-AC1F-476CB65B2B9F}.Debug|Any CPU.ActiveCfg = Debug|Any CPU
		{4FE90C6E-D2B5-4691-AC1F-476CB65B2B9F}.Debug|Any CPU.Build.0 = Debug|Any CPU
		{4FE90C6E-D2B5-4691-AC1F-476CB65B2B9F}.Release|Any CPU.ActiveCfg = Release|Any CPU
		{4FE90C6E-D2B5-4691-AC1F-476CB65B2B9F}.Release|Any CPU.Build.0 = Release|Any CPU
		{5F3EC88B-F499-419F-8FB1-1FA1FBDB4F06}.Debug|Any CPU.ActiveCfg = Debug|Any CPU
		{5F3EC88B-F499-419F-8FB1-1FA1FBDB4F06}.Debug|Any CPU.Build.0 = Debug|Any CPU
		{5F3EC88B-F499-419F-8FB1-1FA1FBDB4F06}.Release|Any CPU.ActiveCfg = Release|Any CPU
		{5F3EC88B-F499-419F-8FB1-1FA1FBDB4F06}.Release|Any CPU.Build.0 = Release|Any CPU
		{908F70B5-886D-41E3-B13F-354F906818F9}.Debug|Any CPU.ActiveCfg = Debug|Any CPU
		{908F70B5-886D-41E3-B13F-354F906818F9}.Debug|Any CPU.Build.0 = Debug|Any CPU
		{908F70B5-886D-41E3-B13F-354F906818F9}.Release|Any CPU.ActiveCfg = Release|Any CPU
		{908F70B5-886D-41E3-B13F-354F906818F9}.Release|Any CPU.Build.0 = Release|Any CPU
		{275AD29D-4F53-4E9E-B803-F5C8F3261363}.Debug|Any CPU.ActiveCfg = Debug|Any CPU
		{275AD29D-4F53-4E9E-B803-F5C8F3261363}.Debug|Any CPU.Build.0 = Debug|Any CPU
		{275AD29D-4F53-4E9E-B803-F5C8F3261363}.Release|Any CPU.ActiveCfg = Release|Any CPU
		{275AD29D-4F53-4E9E-B803-F5C8F3261363}.Release|Any CPU.Build.0 = Release|Any CPU
		{02DD3CB5-643B-4EF5-A6C7-999C6112399E}.Debug|Any CPU.ActiveCfg = Debug|Any CPU
		{02DD3CB5-643B-4EF5-A6C7-999C6112399E}.Debug|Any CPU.Build.0 = Debug|Any CPU
		{02DD3CB5-643B-4EF5-A6C7-999C6112399E}.Release|Any CPU.ActiveCfg = Release|Any CPU
		{02DD3CB5-643B-4EF5-A6C7-999C6112399E}.Release|Any CPU.Build.0 = Release|Any CPU
		{305528AF-E2A3-4EEF-9A23-458B9838C78F}.Debug|Any CPU.ActiveCfg = Debug|Any CPU
		{305528AF-E2A3-4EEF-9A23-458B9838C78F}.Debug|Any CPU.Build.0 = Debug|Any CPU
		{305528AF-E2A3-4EEF-9A23-458B9838C78F}.Release|Any CPU.ActiveCfg = Release|Any CPU
		{305528AF-E2A3-4EEF-9A23-458B9838C78F}.Release|Any CPU.Build.0 = Release|Any CPU
		{394D4F14-9D0C-4EA3-87AC-97444F9F4724}.Debug|Any CPU.ActiveCfg = Debug|Any CPU
		{394D4F14-9D0C-4EA3-87AC-97444F9F4724}.Debug|Any CPU.Build.0 = Debug|Any CPU
		{394D4F14-9D0C-4EA3-87AC-97444F9F4724}.Release|Any CPU.ActiveCfg = Release|Any CPU
		{394D4F14-9D0C-4EA3-87AC-97444F9F4724}.Release|Any CPU.Build.0 = Release|Any CPU
		{EE01300F-D2FB-4853-88A4-567F05C7DA17}.Debug|Any CPU.ActiveCfg = Debug|Any CPU
		{EE01300F-D2FB-4853-88A4-567F05C7DA17}.Debug|Any CPU.Build.0 = Debug|Any CPU
		{EE01300F-D2FB-4853-88A4-567F05C7DA17}.Release|Any CPU.ActiveCfg = Release|Any CPU
		{EE01300F-D2FB-4853-88A4-567F05C7DA17}.Release|Any CPU.Build.0 = Release|Any CPU
		{30DA9E65-A9B7-41C0-B803-3A433C555F31}.Debug|Any CPU.ActiveCfg = Debug|Any CPU
		{30DA9E65-A9B7-41C0-B803-3A433C555F31}.Debug|Any CPU.Build.0 = Debug|Any CPU
		{30DA9E65-A9B7-41C0-B803-3A433C555F31}.Release|Any CPU.ActiveCfg = Release|Any CPU
		{30DA9E65-A9B7-41C0-B803-3A433C555F31}.Release|Any CPU.Build.0 = Release|Any CPU
		{FB9883C4-A7ED-420F-B27A-9B1E24D4B238}.Debug|Any CPU.ActiveCfg = Debug|Any CPU
		{FB9883C4-A7ED-420F-B27A-9B1E24D4B238}.Debug|Any CPU.Build.0 = Debug|Any CPU
		{FB9883C4-A7ED-420F-B27A-9B1E24D4B238}.Release|Any CPU.ActiveCfg = Release|Any CPU
		{FB9883C4-A7ED-420F-B27A-9B1E24D4B238}.Release|Any CPU.Build.0 = Release|Any CPU
		{7D79B2DC-C84F-4110-88B6-85867473AB26}.Debug|Any CPU.ActiveCfg = Debug|Any CPU
		{7D79B2DC-C84F-4110-88B6-85867473AB26}.Debug|Any CPU.Build.0 = Debug|Any CPU
		{7D79B2DC-C84F-4110-88B6-85867473AB26}.Release|Any CPU.ActiveCfg = Release|Any CPU
		{7D79B2DC-C84F-4110-88B6-85867473AB26}.Release|Any CPU.Build.0 = Release|Any CPU
		{0E2198D0-0C0C-44C4-BBA1-151AEFB7913F}.Debug|Any CPU.ActiveCfg = Debug|Any CPU
		{0E2198D0-0C0C-44C4-BBA1-151AEFB7913F}.Debug|Any CPU.Build.0 = Debug|Any CPU
		{0E2198D0-0C0C-44C4-BBA1-151AEFB7913F}.Release|Any CPU.ActiveCfg = Release|Any CPU
		{0E2198D0-0C0C-44C4-BBA1-151AEFB7913F}.Release|Any CPU.Build.0 = Release|Any CPU
		{989AD42E-C88B-4781-8379-EFD07162CDFD}.Debug|Any CPU.ActiveCfg = Debug|Any CPU
		{989AD42E-C88B-4781-8379-EFD07162CDFD}.Debug|Any CPU.Build.0 = Debug|Any CPU
		{989AD42E-C88B-4781-8379-EFD07162CDFD}.Release|Any CPU.ActiveCfg = Release|Any CPU
		{989AD42E-C88B-4781-8379-EFD07162CDFD}.Release|Any CPU.Build.0 = Release|Any CPU
		{26F0F46A-E8D8-459F-8E85-5263F44D7489}.Debug|Any CPU.ActiveCfg = Debug|Any CPU
		{26F0F46A-E8D8-459F-8E85-5263F44D7489}.Debug|Any CPU.Build.0 = Debug|Any CPU
		{26F0F46A-E8D8-459F-8E85-5263F44D7489}.Release|Any CPU.ActiveCfg = Release|Any CPU
		{26F0F46A-E8D8-459F-8E85-5263F44D7489}.Release|Any CPU.Build.0 = Release|Any CPU
		{79A46750-58EF-44BA-895B-7F856C97C529}.Debug|Any CPU.ActiveCfg = Debug|Any CPU
		{79A46750-58EF-44BA-895B-7F856C97C529}.Debug|Any CPU.Build.0 = Debug|Any CPU
		{79A46750-58EF-44BA-895B-7F856C97C529}.Release|Any CPU.ActiveCfg = Release|Any CPU
		{79A46750-58EF-44BA-895B-7F856C97C529}.Release|Any CPU.Build.0 = Release|Any CPU
		{DCFB80FE-C81B-45F0-BC29-B697D6EECAFD}.Debug|Any CPU.ActiveCfg = Debug|Any CPU
		{DCFB80FE-C81B-45F0-BC29-B697D6EECAFD}.Debug|Any CPU.Build.0 = Debug|Any CPU
		{DCFB80FE-C81B-45F0-BC29-B697D6EECAFD}.Release|Any CPU.ActiveCfg = Release|Any CPU
		{DCFB80FE-C81B-45F0-BC29-B697D6EECAFD}.Release|Any CPU.Build.0 = Release|Any CPU
	EndGlobalSection
	GlobalSection(SolutionProperties) = preSolution
		HideSolutionNode = FALSE
	EndGlobalSection
	GlobalSection(ExtensibilityGlobals) = postSolution
		SolutionGuid = {14E92425-58D1-4488-B022-09BC040F6301}
	EndGlobalSection
EndGlobal
